
Microsoft Visual Studio Solution File, Format Version 12.00
# Visual Studio Version 16
VisualStudioVersion = 16.0.33027.164
MinimumVisualStudioVersion = 10.0.40219.1
Project("{9A19103F-16F7-4668-BE54-9A1E7A4F7556}") = "FirstApi", "FirstApi\FirstApi.csproj", "{DB4C6573-6521-4AD3-9597-F836BD7C70D3}"
EndProject
Project("{9A19103F-16F7-4668-BE54-9A1E7A4F7556}") = "SecondApi", "SecondApi\SecondApi.csproj", "{B6BF0389-8B48-456C-88E2-B90BC11CF64B}"
EndProject
Global
	GlobalSection(SolutionConfigurationPlatforms) = preSolution
		Debug|Any CPU = Debug|Any CPU
		Release|Any CPU = Release|Any CPU
	EndGlobalSection
	GlobalSection(ProjectConfigurationPlatforms) = postSolution
		{DB4C6573-6521-4AD3-9597-F836BD7C70D3}.Debug|Any CPU.ActiveCfg = Debug|Any CPU
		{DB4C6573-6521-4AD3-9597-F836BD7C70D3}.Debug|Any CPU.Build.0 = Debug|Any CPU
		{DB4C6573-6521-4AD3-9597-F836BD7C70D3}.Release|Any CPU.ActiveCfg = Release|Any CPU
		{DB4C6573-6521-4AD3-9597-F836BD7C70D3}.Release|Any CPU.Build.0 = Release|Any CPU
		{B6BF0389-8B48-456C-88E2-B90BC11CF64B}.Debug|Any CPU.ActiveCfg = Debug|Any CPU
		{B6BF0389-8B48-456C-88E2-B90BC11CF64B}.Debug|Any CPU.Build.0 = Debug|Any CPU
		{B6BF0389-8B48-456C-88E2-B90BC11CF64B}.Release|Any CPU.ActiveCfg = Release|Any CPU
		{B6BF0389-8B48-456C-88E2-B90BC11CF64B}.Release|Any CPU.Build.0 = Release|Any CPU
	EndGlobalSection
	GlobalSection(SolutionProperties) = preSolution
		HideSolutionNode = FALSE
	EndGlobalSection
	GlobalSection(ExtensibilityGlobals) = postSolution
		SolutionGuid = {C609867E-0F19-4F6C-8540-9119B3BE0219}
	EndGlobalSection
EndGlobal
